// !$*UTF8*$!
{
	archiveVersion = 1;
	classes = {
	};
	objectVersion = 77;
	objects = {

/* Begin PBXBuildFile section */
		A7F3C1D2303428E6003CF718 /* GoogleMaps in Frameworks */ = {isa = PBXBuildFile; productRef = A7F3C1D3303428E6003CF718 /* GoogleMaps */; };
/* End PBXBuildFile section */

/* Begin PBXContainerItemProxy section */
		703BBA65303428E6003CF718 /* PBXContainerItemProxy */ = {
			isa = PBXContainerItemProxy;
			containerPortal = 703BBA46303428E4003CF718 /* Project object */;
			proxyType = 1;
			remoteGlobalIDString = 703BBA4D303428E4003CF718;
			remoteInfo = AIPoweredRealEstate;
		};
		703BBA6F303428E6003CF718 /* PBXContainerItemProxy */ = {
			isa = PBXContainerItemProxy;
			containerPortal = 703BBA46303428E4003CF718 /* Project object */;
			proxyType = 1;
			remoteGlobalIDString = 703BBA4D303428E4003CF718;
			remoteInfo = AIPoweredRealEstate;
		};
/* End PBXContainerItemProxy section */

/* Begin PBXFileReference section */
		703BBA4E303428E4003CF718 /* AIPoweredRealEstate.app */ = {isa = PBXFileReference; explicitFileType = wrapper.application; includeInIndex = 0; path = AIPoweredRealEstate.app; sourceTree = BUILT_PRODUCTS_DIR; };
		703BBA64303428E6003CF718 /* AIPoweredRealEstateTests.xctest */ = {isa = PBXFileReference; explicitFileType = wrapper.cfbundle; includeInIndex = 0; path = AIPoweredRealEstateTests.xctest; sourceTree = BUILT_PRODUCTS_DIR; };
		703BBA6E303428E6003CF718 /* AIPoweredRealEstateUITests.xctest */ = {isa = PBXFileReference; explicitFileType = wrapper.cfbundle; includeInIndex = 0; path = AIPoweredRealEstateUITests.xctest; sourceTree = BUILT_PRODUCTS_DIR; };
/* End PBXFileReference section */

/* Begin PBXFileSystemSynchronizedBuildFileExceptionSet section */
		703BBA76303428E6003CF718 /* Exceptions for "AIPoweredRealEstate" folder in "AIPoweredRealEstate" target */ = {
			isa = PBXFileSystemSynchronizedBuildFileExceptionSet;
			membershipExceptions = (
				Info.plist,
			);
			target = 703BBA4D303428E4003CF718 /* AIPoweredRealEstate */;
		};
/* End PBXFileSystemSynchronizedBuildFileExceptionSet section */

/* Begin PBXFileSystemSynchronizedRootGroup section */
		7014F37B303EBECF003857D9 /* Vendor/SDWebImage */ = {
			isa = PBXFileSystemSynchronizedRootGroup;
			path = Vendor/SDWebImage;
			sourceTree = "<group>";
		};
		703BBA50303428E4003CF718 /* AIPoweredRealEstate */ = {
			isa = PBXFileSystemSynchronizedRootGroup;
			exceptions = (
				703BBA76303428E6003CF718 /* Exceptions for "AIPoweredRealEstate" folder in "AIPoweredRealEstate" target */,
			);
			path = AIPoweredRealEstate;
			sourceTree = "<group>";
		};
		703BBA67303428E6003CF718 /* AIPoweredRealEstateTests */ = {
			isa = PBXFileSystemSynchronizedRootGroup;
			path = AIPoweredRealEstateTests;
			sourceTree = "<group>";
		};
		703BBA71303428E6003CF718 /* AIPoweredRealEstateUITests */ = {
			isa = PBXFileSystemSynchronizedRootGroup;
			path = AIPoweredRealEstateUITests;
			sourceTree = "<group>";
		};
/* End PBXFileSystemSynchronizedRootGroup section */

/* Begin PBXFrameworksBuildPhase section */
		703BBA4B303428E4003CF718 /* Frameworks */ = {
			isa = PBXFrameworksBuildPhase;
			buildActionMask = 2147483647;
			files = (
				A7F3C1D2303428E6003CF718 /* GoogleMaps in Frameworks */,
			);
			runOnlyForDeploymentPostprocessing = 0;
		};
		703BBA61303428E6003CF718 /* Frameworks */ = {
			isa = PBXFrameworksBuildPhase;
			buildActionMask = 2147483647;
			files = (
			);
			runOnlyForDeploymentPostprocessing = 0;
		};
		703BBA6B303428E6003CF718 /* Frameworks */ = {
			isa = PBXFrameworksBuildPhase;
			buildActionMask = 2147483647;
			files = (
			);
			runOnlyForDeploymentPostprocessing = 0;
		};
/* End PBXFrameworksBuildPhase section */

/* Begin PBXGroup section */
		703BBA45303428E4003CF718 = {
			isa = PBXGroup;
			children = (
				703BBA50303428E4003CF718 /* AIPoweredRealEstate */,
				7014F37B303EBECF003857D9 /* Vendor/SDWebImage */,
				703BBA67303428E6003CF718 /* AIPoweredRealEstateTests */,
				703BBA71303428E6003CF718 /* AIPoweredRealEstateUITests */,
				703BBA4F303428E4003CF718 /* Products */,
			);
			sourceTree = "<group>";
		};
		703BBA4F303428E4003CF718 /* Products */ = {
			isa = PBXGroup;
			children = (
				703BBA4E303428E4003CF718 /* AIPoweredRealEstate.app */,
				703BBA64303428E6003CF718 /* AIPoweredRealEstateTests.xctest */,
				703BBA6E303428E6003CF718 /* AIPoweredRealEstateUITests.xctest */,
			);
			name = Products;
			sourceTree = "<group>";
		};
/* End PBXGroup section */

/* Begin PBXNativeTarget section */
		703BBA4D303428E4003CF718 /* AIPoweredRealEstate */ = {
			isa = PBXNativeTarget;
			buildConfigurationList = 703BBA77303428E6003CF718 /* Build configuration list for PBXNativeTarget "AIPoweredRealEstate" */;
			buildPhases = (
				703BBA4A303428E4003CF718 /* Sources */,
				703BBA4B303428E4003CF718 /* Frameworks */,
				703BBA4C303428E4003CF718 /* Resources */,
			);
			buildRules = (
			);
			dependencies = (
			);
			fileSystemSynchronizedGroups = (
				7014F37B303EBECF003857D9 /* Vendor/SDWebImage */,
				703BBA50303428E4003CF718 /* AIPoweredRealEstate */,
			);
			name = AIPoweredRealEstate;
			packageProductDependencies = (
				A7F3C1D3303428E6003CF718 /* GoogleMaps */,
			);
			productName = AIPoweredRealEstate;
			productReference = 703BBA4E303428E4003CF718 /* AIPoweredRealEstate.app */;
			productType = "com.apple.product-type.application";
		};
		703BBA63303428E6003CF718 /* AIPoweredRealEstateTests */ = {
			isa = PBXNativeTarget;
			buildConfigurationList = 703BBA7C303428E6003CF718 /* Build configuration list for PBXNativeTarget "AIPoweredRealEstateTests" */;
			buildPhases = (
				703BBA60303428E6003CF718 /* Sources */,
				703BBA61303428E6003CF718 /* Frameworks */,
				703BBA62303428E6003CF718 /* Resources */,
			);
			buildRules = (
			);
			dependencies = (
				703BBA66303428E6003CF718 /* PBXTargetDependency */,
			);
			fileSystemSynchronizedGroups = (
				703BBA67303428E6003CF718 /* AIPoweredRealEstateTests */,
			);
			name = AIPoweredRealEstateTests;
			packageProductDependencies = (
			);
			productName = AIPoweredRealEstateTests;
			productReference = 703BBA64303428E6003CF718 /* AIPoweredRealEstateTests.xctest */;
			productType = "com.apple.product-type.bundle.unit-test";
		};
		703BBA6D303428E6003CF718 /* AIPoweredRealEstateUITests */ = {
			isa = PBXNativeTarget;
			buildConfigurationList = 703BBA7F303428E6003CF718 /* Build configuration list for PBXNativeTarget "AIPoweredRealEstateUITests" */;
			buildPhases = (
				703BBA6A303428E6003CF718 /* Sources */,
				703BBA6B303428E6003CF718 /* Frameworks */,
				703BBA6C303428E6003CF718 /* Resources */,
			);
			buildRules = (
			);
			dependencies = (
				703BBA70303428E6003CF718 /* PBXTargetDependency */,
			);
			fileSystemSynchronizedGroups = (
				703BBA71303428E6003CF718 /* AIPoweredRealEstateUITests */,
			);
			name = AIPoweredRealEstateUITests;
			packageProductDependencies = (
			);
			productName = AIPoweredRealEstateUITests;
			productReference = 703BBA6E303428E6003CF718 /* AIPoweredRealEstateUITests.xctest */;
			productType = "com.apple.product-type.bundle.ui-testing";
		};
/* End PBXNativeTarget section */

/* Begin PBXProject section */
		703BBA46303428E4003CF718 /* Project object */ = {
			isa = PBXProject;
			attributes = {
				BuildIndependentTargetsInParallel = 1;
				LastSwiftUpdateCheck = 1620;
				LastUpgradeCheck = 1620;
				TargetAttributes = {
					703BBA4D303428E4003CF718 = {
						CreatedOnToolsVersion = 16.2;
					};
					703BBA63303428E6003CF718 = {
						CreatedOnToolsVersion = 16.2;
						TestTargetID = 703BBA4D303428E4003CF718;
					};
					703BBA6D303428E6003CF718 = {
						CreatedOnToolsVersion = 16.2;
						TestTargetID = 703BBA4D303428E4003CF718;
					};
				};
			};
			buildConfigurationList = 703BBA49303428E4003CF718 /* Build configuration list for PBXProject "AIPoweredRealEstate" */;
			developmentRegion = en;
			hasScannedForEncodings = 0;
			knownRegions = (
				en,
				Base,
				es,
			);
			mainGroup = 703BBA45303428E4003CF718;
			minimizedProjectReferenceProxies = 1;
			packageReferences = (
				A7F3C1D4303428E6003CF718 /* XCLocalSwiftPackageReference "Packages/GoogleMaps" */,
			);
			preferredProjectObjectVersion = 77;
			productRefGroup = 703BBA4F303428E4003CF718 /* Products */;
			projectDirPath = "";
			projectRoot = "";
			targets = (
				703BBA4D303428E4003CF718 /* AIPoweredRealEstate */,
				703BBA63303428E6003CF718 /* AIPoweredRealEstateTests */,
				703BBA6D303428E6003CF718 /* AIPoweredRealEstateUITests */,
			);
		};
/* End PBXProject section */

/* Begin PBXResourcesBuildPhase section */
		703BBA4C303428E4003CF718 /* Resources */ = {
			isa = PBXResourcesBuildPhase;
			buildActionMask = 2147483647;
			files = (
			);
			runOnlyForDeploymentPostprocessing = 0;
		};
		703BBA62303428E6003CF718 /* Resources */ = {
			isa = PBXResourcesBuildPhase;
			buildActionMask = 2147483647;
			files = (
			);
			runOnlyForDeploymentPostprocessing = 0;
		};
		703BBA6C303428E6003CF718 /* Resources */ = {
			isa = PBXResourcesBuildPhase;
			buildActionMask = 2147483647;
			files = (
			);
			runOnlyForDeploymentPostprocessing = 0;
		};
/* End PBXResourcesBuildPhase section */

/* Begin PBXSourcesBuildPhase section */
		703BBA4A303428E4003CF718 /* Sources */ = {
			isa = PBXSourcesBuildPhase;
			buildActionMask = 2147483647;
			files = (
			);
			runOnlyForDeploymentPostprocessing = 0;
		};
		703BBA60303428E6003CF718 /* Sources */ = {
			isa = PBXSourcesBuildPhase;
			buildActionMask = 2147483647;
			files = (
			);
			runOnlyForDeploymentPostprocessing = 0;
		};
		703BBA6A303428E6003CF718 /* Sources */ = {
			isa = PBXSourcesBuildPhase;
			buildActionMask = 2147483647;
			files = (
			);
			runOnlyForDeploymentPostprocessing = 0;
		};
/* End PBXSourcesBuildPhase section */

/* Begin PBXTargetDependency section */
		703BBA66303428E6003CF718 /* PBXTargetDependency */ = {
			isa = PBXTargetDependency;
			target = 703BBA4D303428E4003CF718 /* AIPoweredRealEstate */;
			targetProxy = 703BBA65303428E6003CF718 /* PBXContainerItemProxy */;
		};
		703BBA70303428E6003CF718 /* PBXTargetDependency */ = {
			isa = PBXTargetDependency;
			target = 703BBA4D303428E4003CF718 /* AIPoweredRealEstate */;
			targetProxy = 703BBA6F303428E6003CF718 /* PBXContainerItemProxy */;
		};
/* End PBXTargetDependency section */

/* Begin XCBuildConfiguration section */
		703BBA78303428E6003CF718 /* Debug */ = {
			isa = XCBuildConfiguration;
			buildSettings = {
				ASSETCATALOG_COMPILER_APPICON_NAME = AppIcon;
				ASSETCATALOG_COMPILER_GLOBAL_ACCENT_COLOR_NAME = AccentColor;
				CODE_SIGN_STYLE = Automatic;
				CURRENT_PROJECT_VERSION = 9;
				DEVELOPMENT_TEAM = F65D9CD6HQ;
				GENERATE_INFOPLIST_FILE = YES;
				HEADER_SEARCH_PATHS = (
					"$(inherited)",
					"$(SRCROOT)/Vendor/SDWebImage/include",
					"$(SRCROOT)/Vendor/SDWebImage/Core",
					"$(SRCROOT)/Vendor/SDWebImage/Private",
				);
				INFOPLIST_FILE = AIPoweredRealEstate/Info.plist;
				INFOPLIST_KEY_CFBundleDisplayName = SpeddyProp;
				INFOPLIST_KEY_UIApplicationSupportsIndirectInputEvents = YES;
				INFOPLIST_KEY_UILaunchStoryboardName = SpeedyPopLaunch;
				INFOPLIST_KEY_UISupportedInterfaceOrientations_iPad = "UIInterfaceOrientationPortrait UIInterfaceOrientationPortraitUpsideDown UIInterfaceOrientationLandscapeLeft UIInterfaceOrientationLandscapeRight";
				INFOPLIST_KEY_UISupportedInterfaceOrientations_iPhone = "UIInterfaceOrientationPortrait UIInterfaceOrientationLandscapeLeft UIInterfaceOrientationLandscapeRight";
				LD_RUNPATH_SEARCH_PATHS = (
					"$(inherited)",
					"@executable_path/Frameworks",
				);
				MARKETING_VERSION = 1.0;
				PRODUCT_BUNDLE_IDENTIFIER = com.mobapps.com.AIPoweredRealEstate;
				PRODUCT_NAME = "$(TARGET_NAME)";
				SWIFT_EMIT_LOC_STRINGS = YES;
				SWIFT_OBJC_BRIDGING_HEADER = "AIPoweredRealEstate/AIPoweredRealEstate-Bridging-Header.h";
				SWIFT_VERSION = 5.0;
				TARGETED_DEVICE_FAMILY = "1,2";
			};
			name = Debug;
		};
		703BBA79303428E6003CF718 /* Release */ = {
			isa = XCBuildConfiguration;
			buildSettings = {
				ASSETCATALOG_COMPILER_APPICON_NAME = AppIcon;
				ASSETCATALOG_COMPILER_GLOBAL_ACCENT_COLOR_NAME = AccentColor;
				CODE_SIGN_STYLE = Automatic;
				CURRENT_PROJECT_VERSION = 9;
				DEVELOPMENT_TEAM = F65D9CD6HQ;
				GENERATE_INFOPLIST_FILE = YES;
				HEADER_SEARCH_PATHS = (
					"$(inherited)",
					"$(SRCROOT)/Vendor/SDWebImage/include",
					"$(SRCROOT)/Vendor/SDWebImage/Core",
					"$(SRCROOT)/Vendor/SDWebImage/Private",
				);
				INFOPLIST_FILE = AIPoweredRealEstate/Info.plist;
				INFOPLIST_KEY_CFBundleDisplayName = SpeddyProp;
				INFOPLIST_KEY_UIApplicationSupportsIndirectInputEvents = YES;
				INFOPLIST_KEY_UILaunchStoryboardName = SpeedyPopLaunch;
				INFOPLIST_KEY_UISupportedInterfaceOrientations_iPad = "UIInterfaceOrientationPortrait UIInterfaceOrientationPortraitUpsideDown UIInterfaceOrientationLandscapeLeft UIInterfaceOrientationLandscapeRight";
				INFOPLIST_KEY_UISupportedInterfaceOrientations_iPhone = "UIInterfaceOrientationPortrait UIInterfaceOrientationLandscapeLeft UIInterfaceOrientationLandscapeRight";
				LD_RUNPATH_SEARCH_PATHS = (
					"$(inherited)",
					"@executable_path/Frameworks",
				);
				MARKETING_VERSION = 1.0;
				PRODUCT_BUNDLE_IDENTIFIER = com.mobapps.com.AIPoweredRealEstate;
				PRODUCT_NAME = "$(TARGET_NAME)";
				SWIFT_EMIT_LOC_STRINGS = YES;
				SWIFT_OBJC_BRIDGING_HEADER = "AIPoweredRealEstate/AIPoweredRealEstate-Bridging-Header.h";
				SWIFT_VERSION = 5.0;
				TARGETED_DEVICE_FAMILY = "1,2";
			};
			name = Release;
		};
		703BBA7A303428E6003CF718 /* Debug */ = {
			isa = XCBuildConfiguration;
			buildSettings = {
				ALWAYS_SEARCH_USER_PATHS = NO;
				ASSETCATALOG_COMPILER_GENERATE_SWIFT_ASSET_SYMBOL_EXTENSIONS = YES;
				CLANG_ANALYZER_LOCALIZABILITY_NONLOCALIZED = YES;
				CLANG_ANALYZER_NONNULL = YES;
				CLANG_ANALYZER_NUMBER_OBJECT_CONVERSION = YES_AGGRESSIVE;
				CLANG_CXX_LANGUAGE_STANDARD = "gnu++20";
				CLANG_ENABLE_MODULES = YES;
				CLANG_ENABLE_OBJC_ARC = YES;
				CLANG_ENABLE_OBJC_WEAK = YES;
				CLANG_WARN_BLOCK_CAPTURE_AUTORELEASING = YES;
				CLANG_WARN_BOOL_CONVERSION = YES;
				CLANG_WARN_COMMA = YES;
				CLANG_WARN_CONSTANT_CONVERSION = YES;
				CLANG_WARN_DEPRECATED_OBJC_IMPLEMENTATIONS = YES;
				CLANG_WARN_DIRECT_OBJC_ISA_USAGE = YES_ERROR;
				CLANG_WARN_DOCUMENTATION_COMMENTS = YES;
				CLANG_WARN_EMPTY_BODY = YES;
				CLANG_WARN_ENUM_CONVERSION = YES;
				CLANG_WARN_INFINITE_RECURSION = YES;
				CLANG_WARN_INT_CONVERSION = YES;
				CLANG_WARN_NON_LITERAL_NULL_CONVERSION = YES;
				CLANG_WARN_OBJC_IMPLICIT_RETAIN_SELF = YES;
				CLANG_WARN_OBJC_LITERAL_CONVERSION = YES;
				CLANG_WARN_OBJC_ROOT_CLASS = YES_ERROR;
				CLANG_WARN_QUOTED_INCLUDE_IN_FRAMEWORK_HEADER = YES;
				CLANG_WARN_RANGE_LOOP_ANALYSIS = YES;
				CLANG_WARN_STRICT_PROTOTYPES = YES;
				CLANG_WARN_SUSPICIOUS_MOVE = YES;
				CLANG_WARN_UNGUARDED_AVAILABILITY = YES_AGGRESSIVE;
				CLANG_WARN_UNREACHABLE_CODE = YES;
				CLANG_WARN__DUPLICATE_METHOD_MATCH = YES;
				COPY_PHASE_STRIP = NO;
				DEBUG_INFORMATION_FORMAT = dwarf;
				ENABLE_STRICT_OBJC_MSGSEND = YES;
				ENABLE_TESTABILITY = YES;
				ENABLE_USER_SCRIPT_SANDBOXING = YES;
				GCC_C_LANGUAGE_STANDARD = gnu17;
				GCC_DYNAMIC_NO_PIC = NO;
				GCC_NO_COMMON_BLOCKS = YES;
				GCC_OPTIMIZATION_LEVEL = 0;
				GCC_PREPROCESSOR_DEFINITIONS = (
					"DEBUG=1",
					"$(inherited)",
				);
				GCC_WARN_64_TO_32_BIT_CONVERSION = YES;
				GCC_WARN_ABOUT_RETURN_TYPE = YES_ERROR;
				GCC_WARN_UNDECLARED_SELECTOR = YES;
				GCC_WARN_UNINITIALIZED_AUTOS = YES_AGGRESSIVE;
				GCC_WARN_UNUSED_FUNCTION = YES;
				GCC_WARN_UNUSED_VARIABLE = YES;
				IPHONEOS_DEPLOYMENT_TARGET = 18.2;
				LOCALIZATION_PREFERS_STRING_CATALOGS = YES;
				MTL_ENABLE_DEBUG_INFO = INCLUDE_SOURCE;
				MTL_FAST_MATH = YES;
				ONLY_ACTIVE_ARCH = YES;
				SDKROOT = iphoneos;
				SWIFT_ACTIVE_COMPILATION_CONDITIONS = "DEBUG $(inherited)";
				SWIFT_OPTIMIZATION_LEVEL = "-Onone";
			};
			name = Debug;
		};
		703BBA7B303428E6003CF718 /* Release */ = {
			isa = XCBuildConfiguration;
			buildSettings = {
				ALWAYS_SEARCH_USER_PATHS = NO;
				ASSETCATALOG_COMPILER_GENERATE_SWIFT_ASSET_SYMBOL_EXTENSIONS = YES;
				CLANG_ANALYZER_LOCALIZABILITY_NONLOCALIZED = YES;
				CLANG_ANALYZER_NONNULL = YES;
				CLANG_ANALYZER_NUMBER_OBJECT_CONVERSION = YES_AGGRESSIVE;
				CLANG_CXX_LANGUAGE_STANDARD = "gnu++20";
				CLANG_ENABLE_MODULES = YES;
				CLANG_ENABLE_OBJC_ARC = YES;
				CLANG_ENABLE_OBJC_WEAK = YES;
				CLANG_WARN_BLOCK_CAPTURE_AUTORELEASING = YES;
				CLANG_WARN_BOOL_CONVERSION = YES;
				CLANG_WARN_COMMA = YES;
				CLANG_WARN_CONSTANT_CONVERSION = YES;
				CLANG_WARN_DEPRECATED_OBJC_IMPLEMENTATIONS = YES;
				CLANG_WARN_DIRECT_OBJC_ISA_USAGE = YES_ERROR;
				CLANG_WARN_DOCUMENTATION_COMMENTS = YES;
				CLANG_WARN_EMPTY_BODY = YES;
				CLANG_WARN_ENUM_CONVERSION = YES;
				CLANG_WARN_INFINITE_RECURSION = YES;
				CLANG_WARN_INT_CONVERSION = YES;
				CLANG_WARN_NON_LITERAL_NULL_CONVERSION = YES;
				CLANG_WARN_OBJC_IMPLICIT_RETAIN_SELF = YES;
				CLANG_WARN_OBJC_LITERAL_CONVERSION = YES;
				CLANG_WARN_OBJC_ROOT_CLASS = YES_ERROR;
				CLANG_WARN_QUOTED_INCLUDE_IN_FRAMEWORK_HEADER = YES;
				CLANG_WARN_RANGE_LOOP_ANALYSIS = YES;
				CLANG_WARN_STRICT_PROTOTYPES = YES;
				CLANG_WARN_SUSPICIOUS_MOVE = YES;
				CLANG_WARN_UNGUARDED_AVAILABILITY = YES_AGGRESSIVE;
				CLANG_WARN_UNREACHABLE_CODE = YES;
				CLANG_WARN__DUPLICATE_METHOD_MATCH = YES;
				COPY_PHASE_STRIP = NO;
				DEBUG_INFORMATION_FORMAT = "dwarf-with-dsym";
				ENABLE_NS_ASSERTIONS = NO;
				ENABLE_STRICT_OBJC_MSGSEND = YES;
				ENABLE_USER_SCRIPT_SANDBOXING = YES;
				GCC_C_LANGUAGE_STANDARD = gnu17;
				GCC_NO_COMMON_BLOCKS = YES;
				GCC_WARN_64_TO_32_BIT_CONVERSION = YES;
				GCC_WARN_ABOUT_RETURN_TYPE = YES_ERROR;
				GCC_WARN_UNDECLARED_SELECTOR = YES;
				GCC_WARN_UNINITIALIZED_AUTOS = YES_AGGRESSIVE;
				GCC_WARN_UNUSED_FUNCTION = YES;
				GCC_WARN_UNUSED_VARIABLE = YES;
				IPHONEOS_DEPLOYMENT_TARGET = 18.2;
				LOCALIZATION_PREFERS_STRING_CATALOGS = YES;
				MTL_ENABLE_DEBUG_INFO = NO;
				MTL_FAST_MATH = YES;
				SDKROOT = iphoneos;
				SWIFT_COMPILATION_MODE = wholemodule;
				VALIDATE_PRODUCT = YES;
			};
			name = Release;
		};
		703BBA7D303428E6003CF718 /* Debug */ = {
			isa = XCBuildConfiguration;
			buildSettings = {
				BUNDLE_LOADER = "$(TEST_HOST)";
				CODE_SIGN_STYLE = Automatic;
				CURRENT_PROJECT_VERSION = 1;
				DEVELOPMENT_TEAM = F65D9CD6HQ;
				GENERATE_INFOPLIST_FILE = YES;
				IPHONEOS_DEPLOYMENT_TARGET = 18.2;
				MARKETING_VERSION = 1.0;
				PRODUCT_BUNDLE_IDENTIFIER = com.mobapps.com.AIPoweredRealEstateTests;
				PRODUCT_NAME = "$(TARGET_NAME)";
				SWIFT_EMIT_LOC_STRINGS = NO;
				SWIFT_VERSION = 5.0;
				TARGETED_DEVICE_FAMILY = "1,2";
				TEST_HOST = "$(BUILT_PRODUCTS_DIR)/AIPoweredRealEstate.app/$(BUNDLE_EXECUTABLE_FOLDER_PATH)/AIPoweredRealEstate";
			};
			name = Debug;
		};
		703BBA7E303428E6003CF718 /* Release */ = {
			isa = XCBuildConfiguration;
			buildSettings = {
				BUNDLE_LOADER = "$(TEST_HOST)";
				CODE_SIGN_STYLE = Automatic;
				CURRENT_PROJECT_VERSION = 1;
				DEVELOPMENT_TEAM = F65D9CD6HQ;
				GENERATE_INFOPLIST_FILE = YES;
				IPHONEOS_DEPLOYMENT_TARGET = 18.2;
				MARKETING_VERSION = 1.0;
				PRODUCT_BUNDLE_IDENTIFIER = com.mobapps.com.AIPoweredRealEstateTests;
				PRODUCT_NAME = "$(TARGET_NAME)";
				SWIFT_EMIT_LOC_STRINGS = NO;
				SWIFT_VERSION = 5.0;
				TARGETED_DEVICE_FAMILY = "1,2";
				TEST_HOST = "$(BUILT_PRODUCTS_DIR)/AIPoweredRealEstate.app/$(BUNDLE_EXECUTABLE_FOLDER_PATH)/AIPoweredRealEstate";
			};
			name = Release;
		};
		703BBA80303428E6003CF718 /* Debug */ = {
			isa = XCBuildConfiguration;
			buildSettings = {
				CODE_SIGN_STYLE = Automatic;
				CURRENT_PROJECT_VERSION = 1;
				DEVELOPMENT_TEAM = F65D9CD6HQ;
				GENERATE_INFOPLIST_FILE = YES;
				MARKETING_VERSION = 1.0;
				PRODUCT_BUNDLE_IDENTIFIER = com.mobapps.com.AIPoweredRealEstateUITests;
				PRODUCT_NAME = "$(TARGET_NAME)";
				SWIFT_EMIT_LOC_STRINGS = NO;
				SWIFT_VERSION = 5.0;
				TARGETED_DEVICE_FAMILY = "1,2";
				TEST_TARGET_NAME = AIPoweredRealEstate;
			};
			name = Debug;
		};
		703BBA81303428E6003CF718 /* Release */ = {
			isa = XCBuildConfiguration;
			buildSettings = {
				CODE_SIGN_STYLE = Automatic;
				CURRENT_PROJECT_VERSION = 1;
				DEVELOPMENT_TEAM = F65D9CD6HQ;
				GENERATE_INFOPLIST_FILE = YES;
				MARKETING_VERSION = 1.0;
				PRODUCT_BUNDLE_IDENTIFIER = com.mobapps.com.AIPoweredRealEstateUITests;
				PRODUCT_NAME = "$(TARGET_NAME)";
				SWIFT_EMIT_LOC_STRINGS = NO;
				SWIFT_VERSION = 5.0;
				TARGETED_DEVICE_FAMILY = "1,2";
				TEST_TARGET_NAME = AIPoweredRealEstate;
			};
			name = Release;
		};
/* End XCBuildConfiguration section */

/* Begin XCConfigurationList section */
		703BBA49303428E4003CF718 /* Build configuration list for PBXProject "AIPoweredRealEstate" */ = {
			isa = XCConfigurationList;
			buildConfigurations = (
				703BBA7A303428E6003CF718 /* Debug */,
				703BBA7B303428E6003CF718 /* Release */,
			);
			defaultConfigurationIsVisible = 0;
			defaultConfigurationName = Release;
		};
		703BBA77303428E6003CF718 /* Build configuration list for PBXNativeTarget "AIPoweredRealEstate" */ = {
			isa = XCConfigurationList;
			buildConfigurations = (
				703BBA78303428E6003CF718 /* Debug */,
				703BBA79303428E6003CF718 /* Release */,
			);
			defaultConfigurationIsVisible = 0;
			defaultConfigurationName = Release;
		};
		703BBA7C303428E6003CF718 /* Build configuration list for PBXNativeTarget "AIPoweredRealEstateTests" */ = {
			isa = XCConfigurationList;
			buildConfigurations = (
				703BBA7D303428E6003CF718 /* Debug */,
				703BBA7E303428E6003CF718 /* Release */,
			);
			defaultConfigurationIsVisible = 0;
			defaultConfigurationName = Release;
		};
		703BBA7F303428E6003CF718 /* Build configuration list for PBXNativeTarget "AIPoweredRealEstateUITests" */ = {
			isa = XCConfigurationList;
			buildConfigurations = (
				703BBA80303428E6003CF718 /* Debug */,
				703BBA81303428E6003CF718 /* Release */,
			);
			defaultConfigurationIsVisible = 0;
			defaultConfigurationName = Release;
		};
/* End XCConfigurationList section */

/* Begin XCLocalSwiftPackageReference section */
		A7F3C1D4303428E6003CF718 /* XCLocalSwiftPackageReference "Packages/GoogleMaps" */ = {
			isa = XCLocalSwiftPackageReference;
			relativePath = Packages/GoogleMaps;
		};
/* End XCLocalSwiftPackageReference section */

/* Begin XCSwiftPackageProductDependency section */
		A7F3C1D3303428E6003CF718 /* GoogleMaps */ = {
			isa = XCSwiftPackageProductDependency;
			package = A7F3C1D4303428E6003CF718 /* XCLocalSwiftPackageReference "Packages/GoogleMaps" */;
			productName = GoogleMaps;
		};
/* End XCSwiftPackageProductDependency section */
	};
	rootObject = 703BBA46303428E4003CF718 /* Project object */;
}
